
Microsoft Visual Studio Solution File, Format Version 12.00
# Visual Studio Version 18
VisualStudioVersion = 18.1.11312.151
MinimumVisualStudioVersion = 10.0.40219.1
Project("{2150E333-8FDC-42A3-9474-1A3956D46DE8}") = "Common", "Common", "{D0EE306E-957C-4EF5-9A85-36B63A6C663E}"
EndProject
Project("{2150E333-8FDC-42A3-9474-1A3956D46DE8}") = "Solution Items", "Solution Items", "{8EC462FD-D22E-90A8-E5CE-7E832BA40C5D}"
	ProjectSection(SolutionItems) = preProject
		.editorconfig = .editorconfig
		.gitattributes = .gitattributes
		.gitignore = .gitignore
		README.md = README.md
	EndProjectSection
EndProject
Project("{2150E333-8FDC-42A3-9474-1A3956D46DE8}") = "Tests", "Tests", "{CD9DBFAD-C4AC-42D9-9C7B-3A4775BA86A7}"
EndProject
Project("{FAE04EC0-301F-11D3-BF4B-00C04F79EFBC}") = "DevTests", "src\DevTests\DevTests.csproj", "{78FE86C1-9403-0104-7207-73DFB801BEA9}"
EndProject
Project("{FAE04EC0-301F-11D3-BF4B-00C04F79EFBC}") = "Common", "src\Common\Common.csproj", "{3F3044DC-A9F8-DE16-79DD-4A0C1649CD06}"
EndProject
Project("{E53339B2-1760-4266-BCC7-CA923CBCF16C}") = "Docker-compose", "src\Docker-compose\Docker-compose.dcproj", "{81DDED9D-158B-E303-5F62-77A2896D2A5A}"
EndProject
Project("{FAE04EC0-301F-11D3-BF4B-00C04F79EFBC}") = "ApplicationApi", "src\ApplicationApi\ApplicationApi.csproj", "{D4CD9A8C-9E65-8CEB-3D40-EFE24BF1EC69}"
EndProject
Project("{FAE04EC0-301F-11D3-BF4B-00C04F79EFBC}") = "ApplicationPortal", "src\ApplicastionPortal\ApplicationPortal.csproj", "{3F896F3E-4C3C-A480-5DDF-CBEE21E19867}"
EndProject
Project("{2150E333-8FDC-42A3-9474-1A3956D46DE8}") = "Applications", "Applications", "{D7ED42E8-B232-4723-A883-3F29CB651B27}"
EndProject
Project("{FAE04EC0-301F-11D3-BF4B-00C04F79EFBC}") = "BusinessExperts", "src\Experts\BusinessExperts.csproj", "{74003E8A-1D30-3A5F-0AFF-230F20E5D91F}"
EndProject
Global
	GlobalSection(SolutionConfigurationPlatforms) = preSolution
		Debug|Any CPU = Debug|Any CPU
		Debug|x64 = Debug|x64
		Debug|x86 = Debug|x86
		Release|Any CPU = Release|Any CPU
		Release|x64 = Release|x64
		Release|x86 = Release|x86
	EndGlobalSection
	GlobalSection(ProjectConfigurationPlatforms) = postSolution
		{78FE86C1-9403-0104-7207-73DFB801BEA9}.Debug|Any CPU.ActiveCfg = Debug|Any CPU
		{78FE86C1-9403-0104-7207-73DFB801BEA9}.Debug|Any CPU.Build.0 = Debug|Any CPU
		{78FE86C1-9403-0104-7207-73DFB801BEA9}.Debug|x64.ActiveCfg = Debug|Any CPU
		{78FE86C1-9403-0104-7207-73DFB801BEA9}.Debug|x64.Build.0 = Debug|Any CPU
		{78FE86C1-9403-0104-7207-73DFB801BEA9}.Debug|x86.ActiveCfg = Debug|Any CPU
		{78FE86C1-9403-0104-7207-73DFB801BEA9}.Debug|x86.Build.0 = Debug|Any CPU
		{78FE86C1-9403-0104-7207-73DFB801BEA9}.Release|Any CPU.ActiveCfg = Release|Any CPU
		{78FE86C1-9403-0104-7207-73DFB801BEA9}.Release|Any CPU.Build.0 = Release|Any CPU
		{78FE86C1-9403-0104-7207-73DFB801BEA9}.Release|x64.ActiveCfg = Release|Any CPU
		{78FE86C1-9403-0104-7207-73DFB801BEA9}.Release|x64.Build.0 = Release|Any CPU
		{78FE86C1-9403-0104-7207-73DFB801BEA9}.Release|x86.ActiveCfg = Release|Any CPU
		{78FE86C1-9403-0104-7207-73DFB801BEA9}.Release|x86.Build.0 = Release|Any CPU
		{3F3044DC-A9F8-DE16-79DD-4A0C1649CD06}.Debug|Any CPU.ActiveCfg = Debug|Any CPU
		{3F3044DC-A9F8-DE16-79DD-4A0C1649CD06}.Debug|Any CPU.Build.0 = Debug|Any CPU
		{3F3044DC-A9F8-DE16-79DD-4A0C1649CD06}.Debug|x64.ActiveCfg = Debug|Any CPU
		{3F3044DC-A9F8-DE16-79DD-4A0C1649CD06}.Debug|x64.Build.0 = Debug|Any CPU
		{3F3044DC-A9F8-DE16-79DD-4A0C1649CD06}.Debug|x86.ActiveCfg = Debug|Any CPU
		{3F3044DC-A9F8-DE16-79DD-4A0C1649CD06}.Debug|x86.Build.0 = Debug|Any CPU
		{3F3044DC-A9F8-DE16-79DD-4A0C1649CD06}.Release|Any CPU.ActiveCfg = Release|Any CPU
		{3F3044DC-A9F8-DE16-79DD-4A0C1649CD06}.Release|Any CPU.Build.0 = Release|Any CPU
		{3F3044DC-A9F8-DE16-79DD-4A0C1649CD06}.Release|x64.ActiveCfg = Release|Any CPU
		{3F3044DC-A9F8-DE16-79DD-4A0C1649CD06}.Release|x64.Build.0 = Release|Any CPU
		{3F3044DC-A9F8-DE16-79DD-4A0C1649CD06}.Release|x86.ActiveCfg = Release|Any CPU
		{3F3044DC-A9F8-DE16-79DD-4A0C1649CD06}.Release|x86.Build.0 = Release|Any CPU
		{81DDED9D-158B-E303-5F62-77A2896D2A5A}.Debug|Any CPU.ActiveCfg = Debug|Any CPU
		{81DDED9D-158B-E303-5F62-77A2896D2A5A}.Debug|Any CPU.Build.0 = Debug|Any CPU
		{81DDED9D-158B-E303-5F62-77A2896D2A5A}.Debug|x64.ActiveCfg = Debug|Any CPU
		{81DDED9D-158B-E303-5F62-77A2896D2A5A}.Debug|x64.Build.0 = Debug|Any CPU
		{81DDED9D-158B-E303-5F62-77A2896D2A5A}.Debug|x86.ActiveCfg = Debug|Any CPU
		{81DDED9D-158B-E303-5F62-77A2896D2A5A}.Debug|x86.Build.0 = Debug|Any CPU
		{81DDED9D-158B-E303-5F62-77A2896D2A5A}.Release|Any CPU.ActiveCfg = Release|Any CPU
		{81DDED9D-158B-E303-5F62-77A2896D2A5A}.Release|Any CPU.Build.0 = Release|Any CPU
		{81DDED9D-158B-E303-5F62-77A2896D2A5A}.Release|x64.ActiveCfg = Release|Any CPU
		{81DDED9D-158B-E303-5F62-77A2896D2A5A}.Release|x64.Build.0 = Release|Any CPU
		{81DDED9D-158B-E303-5F62-77A2896D2A5A}.Release|x86.ActiveCfg = Release|Any CPU
		{81DDED9D-158B-E303-5F62-77A2896D2A5A}.Release|x86.Build.0 = Release|Any CPU
		{D4CD9A8C-9E65-8CEB-3D40-EFE24BF1EC69}.Debug|Any CPU.ActiveCfg = Debug|Any CPU
		{D4CD9A8C-9E65-8CEB-3D40-EFE24BF1EC69}.Debug|Any CPU.Build.0 = Debug|Any CPU
		{D4CD9A8C-9E65-8CEB-3D40-EFE24BF1EC69}.Debug|x64.ActiveCfg = Debug|Any CPU
		{D4CD9A8C-9E65-8CEB-3D40-EFE24BF1EC69}.Debug|x64.Build.0 = Debug|Any CPU
		{D4CD9A8C-9E65-8CEB-3D40-EFE24BF1EC69}.Debug|x86.ActiveCfg = Debug|Any CPU
		{D4CD9A8C-9E65-8CEB-3D40-EFE24BF1EC69}.Debug|x86.Build.0 = Debug|Any CPU
		{D4CD9A8C-9E65-8CEB-3D40-EFE24BF1EC69}.Release|Any CPU.ActiveCfg = Release|Any CPU
		{D4CD9A8C-9E65-8CEB-3D40-EFE24BF1EC69}.Release|Any CPU.Build.0 = Release|Any CPU
		{D4CD9A8C-9E65-8CEB-3D40-EFE24BF1EC69}.Release|x64.ActiveCfg = Release|Any CPU
		{D4CD9A8C-9E65-8CEB-3D40-EFE24BF1EC69}.Release|x64.Build.0 = Release|Any CPU
		{D4CD9A8C-9E65-8CEB-3D40-EFE24BF1EC69}.Release|x86.ActiveCfg = Release|Any CPU
		{D4CD9A8C-9E65-8CEB-3D40-EFE24BF1EC69}.Release|x86.Build.0 = Release|Any CPU
		{3F896F3E-4C3C-A480-5DDF-CBEE21E19867}.Debug|Any CPU.ActiveCfg = Debug|Any CPU
		{3F896F3E-4C3C-A480-5DDF-CBEE21E19867}.Debug|Any CPU.Build.0 = Debug|Any CPU
		{3F896F3E-4C3C-A480-5DDF-CBEE21E19867}.Debug|x64.ActiveCfg = Debug|Any CPU
		{3F896F3E-4C3C-A480-5DDF-CBEE21E19867}.Debug|x64.Build.0 = Debug|Any CPU
		{3F896F3E-4C3C-A480-5DDF-CBEE21E19867}.Debug|x86.ActiveCfg = Debug|Any CPU
		{3F896F3E-4C3C-A480-5DDF-CBEE21E19867}.Debug|x86.Build.0 = Debug|Any CPU
		{3F896F3E-4C3C-A480-5DDF-CBEE21E19867}.Release|Any CPU.ActiveCfg = Release|Any CPU
		{3F896F3E-4C3C-A480-5DDF-CBEE21E19867}.Release|Any CPU.Build.0 = Release|Any CPU
		{3F896F3E-4C3C-A480-5DDF-CBEE21E19867}.Release|x64.ActiveCfg = Release|Any CPU
		{3F896F3E-4C3C-A480-5DDF-CBEE21E19867}.Release|x64.Build.0 = Release|Any CPU
		{3F896F3E-4C3C-A480-5DDF-CBEE21E19867}.Release|x86.ActiveCfg = Release|Any CPU
		{3F896F3E-4C3C-A480-5DDF-CBEE21E19867}.Release|x86.Build.0 = Release|Any CPU
		{74003E8A-1D30-3A5F-0AFF-230F20E5D91F}.Debug|Any CPU.ActiveCfg = Debug|Any CPU
		{74003E8A-1D30-3A5F-0AFF-230F20E5D91F}.Debug|Any CPU.Build.0 = Debug|Any CPU
		{74003E8A-1D30-3A5F-0AFF-230F20E5D91F}.Debug|x64.ActiveCfg = Debug|Any CPU
		{74003E8A-1D30-3A5F-0AFF-230F20E5D91F}.Debug|x64.Build.0 = Debug|Any CPU
		{74003E8A-1D30-3A5F-0AFF-230F20E5D91F}.Debug|x86.ActiveCfg = Debug|Any CPU
		{74003E8A-1D30-3A5F-0AFF-230F20E5D91F}.Debug|x86.Build.0 = Debug|Any CPU
		{74003E8A-1D30-3A5F-0AFF-230F20E5D91F}.Release|Any CPU.ActiveCfg = Release|Any CPU
		{74003E8A-1D30-3A5F-0AFF-230F20E5D91F}.Release|Any CPU.Build.0 = Release|Any CPU
		{74003E8A-1D30-3A5F-0AFF-230F20E5D91F}.Release|x64.ActiveCfg = Release|Any CPU
		{74003E8A-1D30-3A5F-0AFF-230F20E5D91F}.Release|x64.Build.0 = Release|Any CPU
		{74003E8A-1D30-3A5F-0AFF-230F20E5D91F}.Release|x86.ActiveCfg = Release|Any CPU
		{74003E8A-1D30-3A5F-0AFF-230F20E5D91F}.Release|x86.Build.0 = Release|Any CPU
	EndGlobalSection
	GlobalSection(SolutionProperties) = preSolution
		HideSolutionNode = FALSE
	EndGlobalSection
	GlobalSection(NestedProjects) = preSolution
		{78FE86C1-9403-0104-7207-73DFB801BEA9} = {CD9DBFAD-C4AC-42D9-9C7B-3A4775BA86A7}
		{3F3044DC-A9F8-DE16-79DD-4A0C1649CD06} = {D0EE306E-957C-4EF5-9A85-36B63A6C663E}
		{D4CD9A8C-9E65-8CEB-3D40-EFE24BF1EC69} = {D7ED42E8-B232-4723-A883-3F29CB651B27}
		{3F896F3E-4C3C-A480-5DDF-CBEE21E19867} = {D7ED42E8-B232-4723-A883-3F29CB651B27}
	EndGlobalSection
	GlobalSection(ExtensibilityGlobals) = postSolution
		SolutionGuid = {9F153098-1BFD-4764-842C-EF44352D968A}
	EndGlobalSection
EndGlobal
