
Microsoft Visual Studio Solution File, Format Version 12.00
# Visual Studio Version 17
VisualStudioVersion = 17.14.36616.10 d17.14
MinimumVisualStudioVersion = 10.0.40219.1
Project("{FAE04EC0-301F-11D3-BF4B-00C04F79EFBC}") = "WebPortal", "src\Hosts\WebPortal\WebPortal.csproj", "{73C0EE11-3A03-E2CF-0277-963FDDD80E50}"
EndProject
Project("{FAE04EC0-301F-11D3-BF4B-00C04F79EFBC}") = "WebApi", "src\Hosts\WebApi\WebApi.csproj", "{A3480547-979D-441F-BA52-DAFFA190F1BE}"
EndProject
Project("{2150E333-8FDC-42A3-9474-1A3956D46DE8}") = "Hosts", "Hosts", "{02EA681E-C7D8-13C7-8484-4AC65E1B71E8}"
EndProject
Project("{2150E333-8FDC-42A3-9474-1A3956D46DE8}") = "Modules", "Modules", "{52765A91-FCCE-4FBA-A5ED-1A73475AA303}"
EndProject
Project("{2150E333-8FDC-42A3-9474-1A3956D46DE8}") = "Orders", "Orders", "{6EF24DDD-7DC3-4918-8261-FD032BDE3CE1}"
EndProject
Project("{FAE04EC0-301F-11D3-BF4B-00C04F79EFBC}") = "Orders.API", "src\Modules\Orders\Orders.API\Orders.API.csproj", "{4EA59134-82F6-4CF3-83AA-0D7F31533A9C}"
EndProject
Project("{FAE04EC0-301F-11D3-BF4B-00C04F79EFBC}") = "Orders.Infrastructure", "src\Modules\Orders\Orders.Infrastructure\Orders.Infrastructure.csproj", "{E6DB8FE3-ABA3-4B8C-82F2-D02B86269A93}"
EndProject
Project("{2150E333-8FDC-42A3-9474-1A3956D46DE8}") = "Common", "Common", "{D0EE306E-957C-4EF5-9A85-36B63A6C663E}"
EndProject
Project("{FAE04EC0-301F-11D3-BF4B-00C04F79EFBC}") = "Orders.Application", "src\Modules\Orders\Orders.Application\Orders.Application.csproj", "{841A862C-B0A6-4B87-B446-D906C3EA2A90}"
EndProject
Project("{FAE04EC0-301F-11D3-BF4B-00C04F79EFBC}") = "Orders.Contracts", "src\Modules\Orders\Orders.Contracts\Orders.Contracts.csproj", "{DABA74F7-ECA3-454D-8F58-D94A6D74A040}"
EndProject
Project("{FAE04EC0-301F-11D3-BF4B-00C04F79EFBC}") = "Common", "src\Common\Common\Common.csproj", "{441E0730-EACD-448F-ACE0-7A3C34E29110}"
EndProject
Project("{2150E333-8FDC-42A3-9474-1A3956D46DE8}") = "Billing", "Billing", "{802A7EF9-9862-4CD2-8A55-4D8EB10E11FB}"
EndProject
Project("{FAE04EC0-301F-11D3-BF4B-00C04F79EFBC}") = "Billing.Application", "src\Modules\Billing\Billing.Application\Billing.Application.csproj", "{F508E8B4-8507-42E3-AC41-83534E559586}"
EndProject
Project("{FAE04EC0-301F-11D3-BF4B-00C04F79EFBC}") = "Billing.Contracts", "src\Modules\Billing\Billing.Contracts\Billing.Contracts.csproj", "{26E59995-DBB7-4B0B-B227-2F792DAF6A8F}"
EndProject
Project("{FAE04EC0-301F-11D3-BF4B-00C04F79EFBC}") = "Billing.Infrastructure", "src\Modules\Billing\Billing.Infrastructure\Billing.Infrastructure.csproj", "{C0950D2D-38C7-4160-B464-E64FDE12A815}"
EndProject
Project("{FAE04EC0-301F-11D3-BF4B-00C04F79EFBC}") = "Billing.API", "src\Modules\Billing\Billing.API\Billing.API.csproj", "{DA807FD3-CEDA-4866-BA6D-CDB4B8E3C05F}"
EndProject
Project("{FAE04EC0-301F-11D3-BF4B-00C04F79EFBC}") = "Orders.Extensions", "src\Modules\Orders\Orders.Extensions\Orders.Extensions.csproj", "{4FFB325F-FB7C-4B2F-A6B4-59C7CBF45E0A}"
EndProject
Global
	GlobalSection(SolutionConfigurationPlatforms) = preSolution
		Debug|Any CPU = Debug|Any CPU
		Release|Any CPU = Release|Any CPU
	EndGlobalSection
	GlobalSection(ProjectConfigurationPlatforms) = postSolution
		{73C0EE11-3A03-E2CF-0277-963FDDD80E50}.Debug|Any CPU.ActiveCfg = Debug|Any CPU
		{73C0EE11-3A03-E2CF-0277-963FDDD80E50}.Debug|Any CPU.Build.0 = Debug|Any CPU
		{73C0EE11-3A03-E2CF-0277-963FDDD80E50}.Release|Any CPU.ActiveCfg = Release|Any CPU
		{73C0EE11-3A03-E2CF-0277-963FDDD80E50}.Release|Any CPU.Build.0 = Release|Any CPU
		{A3480547-979D-441F-BA52-DAFFA190F1BE}.Debug|Any CPU.ActiveCfg = Debug|Any CPU
		{A3480547-979D-441F-BA52-DAFFA190F1BE}.Debug|Any CPU.Build.0 = Debug|Any CPU
		{A3480547-979D-441F-BA52-DAFFA190F1BE}.Release|Any CPU.ActiveCfg = Release|Any CPU
		{A3480547-979D-441F-BA52-DAFFA190F1BE}.Release|Any CPU.Build.0 = Release|Any CPU
		{4EA59134-82F6-4CF3-83AA-0D7F31533A9C}.Debug|Any CPU.ActiveCfg = Debug|Any CPU
		{4EA59134-82F6-4CF3-83AA-0D7F31533A9C}.Debug|Any CPU.Build.0 = Debug|Any CPU
		{4EA59134-82F6-4CF3-83AA-0D7F31533A9C}.Release|Any CPU.ActiveCfg = Release|Any CPU
		{4EA59134-82F6-4CF3-83AA-0D7F31533A9C}.Release|Any CPU.Build.0 = Release|Any CPU
		{E6DB8FE3-ABA3-4B8C-82F2-D02B86269A93}.Debug|Any CPU.ActiveCfg = Debug|Any CPU
		{E6DB8FE3-ABA3-4B8C-82F2-D02B86269A93}.Debug|Any CPU.Build.0 = Debug|Any CPU
		{E6DB8FE3-ABA3-4B8C-82F2-D02B86269A93}.Release|Any CPU.ActiveCfg = Release|Any CPU
		{E6DB8FE3-ABA3-4B8C-82F2-D02B86269A93}.Release|Any CPU.Build.0 = Release|Any CPU
		{841A862C-B0A6-4B87-B446-D906C3EA2A90}.Debug|Any CPU.ActiveCfg = Debug|Any CPU
		{841A862C-B0A6-4B87-B446-D906C3EA2A90}.Debug|Any CPU.Build.0 = Debug|Any CPU
		{841A862C-B0A6-4B87-B446-D906C3EA2A90}.Release|Any CPU.ActiveCfg = Release|Any CPU
		{841A862C-B0A6-4B87-B446-D906C3EA2A90}.Release|Any CPU.Build.0 = Release|Any CPU
		{DABA74F7-ECA3-454D-8F58-D94A6D74A040}.Debug|Any CPU.ActiveCfg = Debug|Any CPU
		{DABA74F7-ECA3-454D-8F58-D94A6D74A040}.Debug|Any CPU.Build.0 = Debug|Any CPU
		{DABA74F7-ECA3-454D-8F58-D94A6D74A040}.Release|Any CPU.ActiveCfg = Release|Any CPU
		{DABA74F7-ECA3-454D-8F58-D94A6D74A040}.Release|Any CPU.Build.0 = Release|Any CPU
		{441E0730-EACD-448F-ACE0-7A3C34E29110}.Debug|Any CPU.ActiveCfg = Debug|Any CPU
		{441E0730-EACD-448F-ACE0-7A3C34E29110}.Debug|Any CPU.Build.0 = Debug|Any CPU
		{441E0730-EACD-448F-ACE0-7A3C34E29110}.Release|Any CPU.ActiveCfg = Release|Any CPU
		{441E0730-EACD-448F-ACE0-7A3C34E29110}.Release|Any CPU.Build.0 = Release|Any CPU
		{F508E8B4-8507-42E3-AC41-83534E559586}.Debug|Any CPU.ActiveCfg = Debug|Any CPU
		{F508E8B4-8507-42E3-AC41-83534E559586}.Debug|Any CPU.Build.0 = Debug|Any CPU
		{F508E8B4-8507-42E3-AC41-83534E559586}.Release|Any CPU.ActiveCfg = Release|Any CPU
		{F508E8B4-8507-42E3-AC41-83534E559586}.Release|Any CPU.Build.0 = Release|Any CPU
		{26E59995-DBB7-4B0B-B227-2F792DAF6A8F}.Debug|Any CPU.ActiveCfg = Debug|Any CPU
		{26E59995-DBB7-4B0B-B227-2F792DAF6A8F}.Debug|Any CPU.Build.0 = Debug|Any CPU
		{26E59995-DBB7-4B0B-B227-2F792DAF6A8F}.Release|Any CPU.ActiveCfg = Release|Any CPU
		{26E59995-DBB7-4B0B-B227-2F792DAF6A8F}.Release|Any CPU.Build.0 = Release|Any CPU
		{C0950D2D-38C7-4160-B464-E64FDE12A815}.Debug|Any CPU.ActiveCfg = Debug|Any CPU
		{C0950D2D-38C7-4160-B464-E64FDE12A815}.Debug|Any CPU.Build.0 = Debug|Any CPU
		{C0950D2D-38C7-4160-B464-E64FDE12A815}.Release|Any CPU.ActiveCfg = Release|Any CPU
		{C0950D2D-38C7-4160-B464-E64FDE12A815}.Release|Any CPU.Build.0 = Release|Any CPU
		{DA807FD3-CEDA-4866-BA6D-CDB4B8E3C05F}.Debug|Any CPU.ActiveCfg = Debug|Any CPU
		{DA807FD3-CEDA-4866-BA6D-CDB4B8E3C05F}.Debug|Any CPU.Build.0 = Debug|Any CPU
		{DA807FD3-CEDA-4866-BA6D-CDB4B8E3C05F}.Release|Any CPU.ActiveCfg = Release|Any CPU
		{DA807FD3-CEDA-4866-BA6D-CDB4B8E3C05F}.Release|Any CPU.Build.0 = Release|Any CPU
		{4FFB325F-FB7C-4B2F-A6B4-59C7CBF45E0A}.Debug|Any CPU.ActiveCfg = Debug|Any CPU
		{4FFB325F-FB7C-4B2F-A6B4-59C7CBF45E0A}.Debug|Any CPU.Build.0 = Debug|Any CPU
		{4FFB325F-FB7C-4B2F-A6B4-59C7CBF45E0A}.Release|Any CPU.ActiveCfg = Release|Any CPU
		{4FFB325F-FB7C-4B2F-A6B4-59C7CBF45E0A}.Release|Any CPU.Build.0 = Release|Any CPU
	EndGlobalSection
	GlobalSection(SolutionProperties) = preSolution
		HideSolutionNode = FALSE
	EndGlobalSection
	GlobalSection(NestedProjects) = preSolution
		{73C0EE11-3A03-E2CF-0277-963FDDD80E50} = {02EA681E-C7D8-13C7-8484-4AC65E1B71E8}
		{A3480547-979D-441F-BA52-DAFFA190F1BE} = {02EA681E-C7D8-13C7-8484-4AC65E1B71E8}
		{6EF24DDD-7DC3-4918-8261-FD032BDE3CE1} = {52765A91-FCCE-4FBA-A5ED-1A73475AA303}
		{4EA59134-82F6-4CF3-83AA-0D7F31533A9C} = {6EF24DDD-7DC3-4918-8261-FD032BDE3CE1}
		{E6DB8FE3-ABA3-4B8C-82F2-D02B86269A93} = {6EF24DDD-7DC3-4918-8261-FD032BDE3CE1}
		{841A862C-B0A6-4B87-B446-D906C3EA2A90} = {6EF24DDD-7DC3-4918-8261-FD032BDE3CE1}
		{DABA74F7-ECA3-454D-8F58-D94A6D74A040} = {6EF24DDD-7DC3-4918-8261-FD032BDE3CE1}
		{441E0730-EACD-448F-ACE0-7A3C34E29110} = {D0EE306E-957C-4EF5-9A85-36B63A6C663E}
		{802A7EF9-9862-4CD2-8A55-4D8EB10E11FB} = {52765A91-FCCE-4FBA-A5ED-1A73475AA303}
		{F508E8B4-8507-42E3-AC41-83534E559586} = {802A7EF9-9862-4CD2-8A55-4D8EB10E11FB}
		{26E59995-DBB7-4B0B-B227-2F792DAF6A8F} = {802A7EF9-9862-4CD2-8A55-4D8EB10E11FB}
		{C0950D2D-38C7-4160-B464-E64FDE12A815} = {802A7EF9-9862-4CD2-8A55-4D8EB10E11FB}
		{DA807FD3-CEDA-4866-BA6D-CDB4B8E3C05F} = {802A7EF9-9862-4CD2-8A55-4D8EB10E11FB}
		{4FFB325F-FB7C-4B2F-A6B4-59C7CBF45E0A} = {6EF24DDD-7DC3-4918-8261-FD032BDE3CE1}
	EndGlobalSection
	GlobalSection(ExtensibilityGlobals) = postSolution
		SolutionGuid = {9F153098-1BFD-4764-842C-EF44352D968A}
	EndGlobalSection
EndGlobal
