
Microsoft Visual Studio Solution File, Format Version 12.00
# Visual Studio Version 17
VisualStudioVersion = 17.14.36717.8 d17.14
MinimumVisualStudioVersion = 10.0.40219.1
Project("{FAE04EC0-301F-11D3-BF4B-00C04F79EFBC}") = "WebPortal", "src\Hosts\WebPortal\WebPortal.csproj", "{73C0EE11-3A03-E2CF-0277-963FDDD80E50}"
EndProject
Project("{FAE04EC0-301F-11D3-BF4B-00C04F79EFBC}") = "WebApi", "src\Hosts\WebApi\WebApi.csproj", "{A3480547-979D-441F-BA52-DAFFA190F1BE}"
EndProject
Project("{2150E333-8FDC-42A3-9474-1A3956D46DE8}") = "Apllications", "Apllications", "{02EA681E-C7D8-13C7-8484-4AC65E1B71E8}"
EndProject
Project("{2150E333-8FDC-42A3-9474-1A3956D46DE8}") = "Common", "Common", "{D0EE306E-957C-4EF5-9A85-36B63A6C663E}"
EndProject
Project("{2150E333-8FDC-42A3-9474-1A3956D46DE8}") = "BusinessExperts", "BusinessExperts", "{EC447DCF-ABFA-6E24-52A5-D7FD48A5C558}"
EndProject
Project("{FAE04EC0-301F-11D3-BF4B-00C04F79EFBC}") = "Orders", "src\Modules\Orders\Orders.csproj", "{DA3A8C88-6C65-4BFB-8594-8AA04572C716}"
EndProject
Project("{FAE04EC0-301F-11D3-BF4B-00C04F79EFBC}") = "Billing", "src\Modules\Billing\Billing.csproj", "{584A6A29-C6C5-428B-93D9-16C9BE9ADD5C}"
EndProject
Project("{2150E333-8FDC-42A3-9474-1A3956D46DE8}") = "Solution Items", "Solution Items", "{8EC462FD-D22E-90A8-E5CE-7E832BA40C5D}"
	ProjectSection(SolutionItems) = preProject
		.editorconfig = .editorconfig
		.gitattributes = .gitattributes
		.gitignore = .gitignore
		README.md = README.md
	EndProjectSection
EndProject
Project("{2150E333-8FDC-42A3-9474-1A3956D46DE8}") = "Tests", "Tests", "{CD9DBFAD-C4AC-42D9-9C7B-3A4775BA86A7}"
EndProject
Project("{FAE04EC0-301F-11D3-BF4B-00C04F79EFBC}") = "DevTests", "src\DevTests\DevTests.csproj", "{78FE86C1-9403-0104-7207-73DFB801BEA9}"
EndProject
Project("{FAE04EC0-301F-11D3-BF4B-00C04F79EFBC}") = "Common", "src\Common\Common.csproj", "{3F3044DC-A9F8-DE16-79DD-4A0C1649CD06}"
EndProject
Project("{E53339B2-1760-4266-BCC7-CA923CBCF16C}") = "Docker-compose", "src\Docker-compose\Docker-compose.dcproj", "{81DDED9D-158B-E303-5F62-77A2896D2A5A}"
EndProject
Global
	GlobalSection(SolutionConfigurationPlatforms) = preSolution
		Debug|Any CPU = Debug|Any CPU
		Debug|x64 = Debug|x64
		Debug|x86 = Debug|x86
		Release|Any CPU = Release|Any CPU
		Release|x64 = Release|x64
		Release|x86 = Release|x86
	EndGlobalSection
	GlobalSection(ProjectConfigurationPlatforms) = postSolution
		{73C0EE11-3A03-E2CF-0277-963FDDD80E50}.Debug|Any CPU.ActiveCfg = Debug|Any CPU
		{73C0EE11-3A03-E2CF-0277-963FDDD80E50}.Debug|Any CPU.Build.0 = Debug|Any CPU
		{73C0EE11-3A03-E2CF-0277-963FDDD80E50}.Debug|x64.ActiveCfg = Debug|Any CPU
		{73C0EE11-3A03-E2CF-0277-963FDDD80E50}.Debug|x64.Build.0 = Debug|Any CPU
		{73C0EE11-3A03-E2CF-0277-963FDDD80E50}.Debug|x86.ActiveCfg = Debug|Any CPU
		{73C0EE11-3A03-E2CF-0277-963FDDD80E50}.Debug|x86.Build.0 = Debug|Any CPU
		{73C0EE11-3A03-E2CF-0277-963FDDD80E50}.Release|Any CPU.ActiveCfg = Release|Any CPU
		{73C0EE11-3A03-E2CF-0277-963FDDD80E50}.Release|Any CPU.Build.0 = Release|Any CPU
		{73C0EE11-3A03-E2CF-0277-963FDDD80E50}.Release|x64.ActiveCfg = Release|Any CPU
		{73C0EE11-3A03-E2CF-0277-963FDDD80E50}.Release|x64.Build.0 = Release|Any CPU
		{73C0EE11-3A03-E2CF-0277-963FDDD80E50}.Release|x86.ActiveCfg = Release|Any CPU
		{73C0EE11-3A03-E2CF-0277-963FDDD80E50}.Release|x86.Build.0 = Release|Any CPU
		{A3480547-979D-441F-BA52-DAFFA190F1BE}.Debug|Any CPU.ActiveCfg = Debug|Any CPU
		{A3480547-979D-441F-BA52-DAFFA190F1BE}.Debug|Any CPU.Build.0 = Debug|Any CPU
		{A3480547-979D-441F-BA52-DAFFA190F1BE}.Debug|x64.ActiveCfg = Debug|Any CPU
		{A3480547-979D-441F-BA52-DAFFA190F1BE}.Debug|x64.Build.0 = Debug|Any CPU
		{A3480547-979D-441F-BA52-DAFFA190F1BE}.Debug|x86.ActiveCfg = Debug|Any CPU
		{A3480547-979D-441F-BA52-DAFFA190F1BE}.Debug|x86.Build.0 = Debug|Any CPU
		{A3480547-979D-441F-BA52-DAFFA190F1BE}.Release|Any CPU.ActiveCfg = Release|Any CPU
		{A3480547-979D-441F-BA52-DAFFA190F1BE}.Release|Any CPU.Build.0 = Release|Any CPU
		{A3480547-979D-441F-BA52-DAFFA190F1BE}.Release|x64.ActiveCfg = Release|Any CPU
		{A3480547-979D-441F-BA52-DAFFA190F1BE}.Release|x64.Build.0 = Release|Any CPU
		{A3480547-979D-441F-BA52-DAFFA190F1BE}.Release|x86.ActiveCfg = Release|Any CPU
		{A3480547-979D-441F-BA52-DAFFA190F1BE}.Release|x86.Build.0 = Release|Any CPU
		{DA3A8C88-6C65-4BFB-8594-8AA04572C716}.Debug|Any CPU.ActiveCfg = Debug|Any CPU
		{DA3A8C88-6C65-4BFB-8594-8AA04572C716}.Debug|Any CPU.Build.0 = Debug|Any CPU
		{DA3A8C88-6C65-4BFB-8594-8AA04572C716}.Debug|x64.ActiveCfg = Debug|Any CPU
		{DA3A8C88-6C65-4BFB-8594-8AA04572C716}.Debug|x64.Build.0 = Debug|Any CPU
		{DA3A8C88-6C65-4BFB-8594-8AA04572C716}.Debug|x86.ActiveCfg = Debug|Any CPU
		{DA3A8C88-6C65-4BFB-8594-8AA04572C716}.Debug|x86.Build.0 = Debug|Any CPU
		{DA3A8C88-6C65-4BFB-8594-8AA04572C716}.Release|Any CPU.ActiveCfg = Release|Any CPU
		{DA3A8C88-6C65-4BFB-8594-8AA04572C716}.Release|Any CPU.Build.0 = Release|Any CPU
		{DA3A8C88-6C65-4BFB-8594-8AA04572C716}.Release|x64.ActiveCfg = Release|Any CPU
		{DA3A8C88-6C65-4BFB-8594-8AA04572C716}.Release|x64.Build.0 = Release|Any CPU
		{DA3A8C88-6C65-4BFB-8594-8AA04572C716}.Release|x86.ActiveCfg = Release|Any CPU
		{DA3A8C88-6C65-4BFB-8594-8AA04572C716}.Release|x86.Build.0 = Release|Any CPU
		{584A6A29-C6C5-428B-93D9-16C9BE9ADD5C}.Debug|Any CPU.ActiveCfg = Debug|Any CPU
		{584A6A29-C6C5-428B-93D9-16C9BE9ADD5C}.Debug|Any CPU.Build.0 = Debug|Any CPU
		{584A6A29-C6C5-428B-93D9-16C9BE9ADD5C}.Debug|x64.ActiveCfg = Debug|Any CPU
		{584A6A29-C6C5-428B-93D9-16C9BE9ADD5C}.Debug|x64.Build.0 = Debug|Any CPU
		{584A6A29-C6C5-428B-93D9-16C9BE9ADD5C}.Debug|x86.ActiveCfg = Debug|Any CPU
		{584A6A29-C6C5-428B-93D9-16C9BE9ADD5C}.Debug|x86.Build.0 = Debug|Any CPU
		{584A6A29-C6C5-428B-93D9-16C9BE9ADD5C}.Release|Any CPU.ActiveCfg = Release|Any CPU
		{584A6A29-C6C5-428B-93D9-16C9BE9ADD5C}.Release|Any CPU.Build.0 = Release|Any CPU
		{584A6A29-C6C5-428B-93D9-16C9BE9ADD5C}.Release|x64.ActiveCfg = Release|Any CPU
		{584A6A29-C6C5-428B-93D9-16C9BE9ADD5C}.Release|x64.Build.0 = Release|Any CPU
		{584A6A29-C6C5-428B-93D9-16C9BE9ADD5C}.Release|x86.ActiveCfg = Release|Any CPU
		{584A6A29-C6C5-428B-93D9-16C9BE9ADD5C}.Release|x86.Build.0 = Release|Any CPU
		{78FE86C1-9403-0104-7207-73DFB801BEA9}.Debug|Any CPU.ActiveCfg = Debug|Any CPU
		{78FE86C1-9403-0104-7207-73DFB801BEA9}.Debug|Any CPU.Build.0 = Debug|Any CPU
		{78FE86C1-9403-0104-7207-73DFB801BEA9}.Debug|x64.ActiveCfg = Debug|Any CPU
		{78FE86C1-9403-0104-7207-73DFB801BEA9}.Debug|x64.Build.0 = Debug|Any CPU
		{78FE86C1-9403-0104-7207-73DFB801BEA9}.Debug|x86.ActiveCfg = Debug|Any CPU
		{78FE86C1-9403-0104-7207-73DFB801BEA9}.Debug|x86.Build.0 = Debug|Any CPU
		{78FE86C1-9403-0104-7207-73DFB801BEA9}.Release|Any CPU.ActiveCfg = Release|Any CPU
		{78FE86C1-9403-0104-7207-73DFB801BEA9}.Release|Any CPU.Build.0 = Release|Any CPU
		{78FE86C1-9403-0104-7207-73DFB801BEA9}.Release|x64.ActiveCfg = Release|Any CPU
		{78FE86C1-9403-0104-7207-73DFB801BEA9}.Release|x64.Build.0 = Release|Any CPU
		{78FE86C1-9403-0104-7207-73DFB801BEA9}.Release|x86.ActiveCfg = Release|Any CPU
		{78FE86C1-9403-0104-7207-73DFB801BEA9}.Release|x86.Build.0 = Release|Any CPU
		{3F3044DC-A9F8-DE16-79DD-4A0C1649CD06}.Debug|Any CPU.ActiveCfg = Debug|Any CPU
		{3F3044DC-A9F8-DE16-79DD-4A0C1649CD06}.Debug|Any CPU.Build.0 = Debug|Any CPU
		{3F3044DC-A9F8-DE16-79DD-4A0C1649CD06}.Debug|x64.ActiveCfg = Debug|Any CPU
		{3F3044DC-A9F8-DE16-79DD-4A0C1649CD06}.Debug|x64.Build.0 = Debug|Any CPU
		{3F3044DC-A9F8-DE16-79DD-4A0C1649CD06}.Debug|x86.ActiveCfg = Debug|Any CPU
		{3F3044DC-A9F8-DE16-79DD-4A0C1649CD06}.Debug|x86.Build.0 = Debug|Any CPU
		{3F3044DC-A9F8-DE16-79DD-4A0C1649CD06}.Release|Any CPU.ActiveCfg = Release|Any CPU
		{3F3044DC-A9F8-DE16-79DD-4A0C1649CD06}.Release|Any CPU.Build.0 = Release|Any CPU
		{3F3044DC-A9F8-DE16-79DD-4A0C1649CD06}.Release|x64.ActiveCfg = Release|Any CPU
		{3F3044DC-A9F8-DE16-79DD-4A0C1649CD06}.Release|x64.Build.0 = Release|Any CPU
		{3F3044DC-A9F8-DE16-79DD-4A0C1649CD06}.Release|x86.ActiveCfg = Release|Any CPU
		{3F3044DC-A9F8-DE16-79DD-4A0C1649CD06}.Release|x86.Build.0 = Release|Any CPU
		{81DDED9D-158B-E303-5F62-77A2896D2A5A}.Debug|Any CPU.ActiveCfg = Debug|Any CPU
		{81DDED9D-158B-E303-5F62-77A2896D2A5A}.Debug|Any CPU.Build.0 = Debug|Any CPU
		{81DDED9D-158B-E303-5F62-77A2896D2A5A}.Debug|x64.ActiveCfg = Debug|Any CPU
		{81DDED9D-158B-E303-5F62-77A2896D2A5A}.Debug|x64.Build.0 = Debug|Any CPU
		{81DDED9D-158B-E303-5F62-77A2896D2A5A}.Debug|x86.ActiveCfg = Debug|Any CPU
		{81DDED9D-158B-E303-5F62-77A2896D2A5A}.Debug|x86.Build.0 = Debug|Any CPU
		{81DDED9D-158B-E303-5F62-77A2896D2A5A}.Release|Any CPU.ActiveCfg = Release|Any CPU
		{81DDED9D-158B-E303-5F62-77A2896D2A5A}.Release|Any CPU.Build.0 = Release|Any CPU
		{81DDED9D-158B-E303-5F62-77A2896D2A5A}.Release|x64.ActiveCfg = Release|Any CPU
		{81DDED9D-158B-E303-5F62-77A2896D2A5A}.Release|x64.Build.0 = Release|Any CPU
		{81DDED9D-158B-E303-5F62-77A2896D2A5A}.Release|x86.ActiveCfg = Release|Any CPU
		{81DDED9D-158B-E303-5F62-77A2896D2A5A}.Release|x86.Build.0 = Release|Any CPU
	EndGlobalSection
	GlobalSection(SolutionProperties) = preSolution
		HideSolutionNode = FALSE
	EndGlobalSection
	GlobalSection(NestedProjects) = preSolution
		{73C0EE11-3A03-E2CF-0277-963FDDD80E50} = {02EA681E-C7D8-13C7-8484-4AC65E1B71E8}
		{A3480547-979D-441F-BA52-DAFFA190F1BE} = {02EA681E-C7D8-13C7-8484-4AC65E1B71E8}
		{DA3A8C88-6C65-4BFB-8594-8AA04572C716} = {EC447DCF-ABFA-6E24-52A5-D7FD48A5C558}
		{584A6A29-C6C5-428B-93D9-16C9BE9ADD5C} = {EC447DCF-ABFA-6E24-52A5-D7FD48A5C558}
		{78FE86C1-9403-0104-7207-73DFB801BEA9} = {CD9DBFAD-C4AC-42D9-9C7B-3A4775BA86A7}
		{3F3044DC-A9F8-DE16-79DD-4A0C1649CD06} = {D0EE306E-957C-4EF5-9A85-36B63A6C663E}
	EndGlobalSection
	GlobalSection(ExtensibilityGlobals) = postSolution
		SolutionGuid = {9F153098-1BFD-4764-842C-EF44352D968A}
	EndGlobalSection
EndGlobal
